
Microsoft Visual Studio Solution File, Format Version 12.00
# Visual Studio 15
VisualStudioVersion = 15.0.27703.2042
MinimumVisualStudioVersion = 10.0.40219.1
Project("{FAE04EC0-301F-11D3-BF4B-00C04F79EFBC}") = "CompleetKassa", "CompleetKassa\CompleetKassa.csproj", "{129D980E-DBE4-4841-8CE2-29D26F185628}"
EndProject
Project("{FAE04EC0-301F-11D3-BF4B-00C04F79EFBC}") = "CompleetKassa.Views", "CompleetKassa.Views\CompleetKassa.Views.csproj", "{0D8AB5C9-BC95-42CF-92A2-56187DC3F798}"
EndProject
Project("{FAE04EC0-301F-11D3-BF4B-00C04F79EFBC}") = "CompleetKassa.Models", "CompleetKassa.Models\CompleetKassa.Models.csproj", "{C4466761-0B4D-4BBC-A70E-CBCC77C98C18}"
EndProject
Project("{FAE04EC0-301F-11D3-BF4B-00C04F79EFBC}") = "CompleetKassa.Converters", "CompleetKassa.Converters\CompleetKassa.Converters.csproj", "{DFD048D3-B371-4D38-BF6F-ECE305FB7D73}"
EndProject
Project("{FAE04EC0-301F-11D3-BF4B-00C04F79EFBC}") = "CompleetKassa.DataTypes", "CompleetKassa.DataTypes\CompleetKassa.DataTypes.csproj", "{4A30F1E9-0A08-4347-9324-CDCF24F79ABA}"
EndProject
Project("{FAE04EC0-301F-11D3-BF4B-00C04F79EFBC}") = "CompleetKassa.ViewModels", "CompleetKassa.ViewModels\CompleetKassa.ViewModels.csproj", "{D961A431-F2A9-407E-AC14-9AB8027B1003}"
EndProject
Project("{FAE04EC0-301F-11D3-BF4B-00C04F79EFBC}") = "CompleetShop.Database.Core", "CompleetShop.Database.Core\CompleetShop.Database.Core.csproj", "{B81ADCEF-3844-4AB1-BDA2-DDE4E01E3C01}"
EndProject
Project("{FAE04EC0-301F-11D3-BF4B-00C04F79EFBC}") = "CompleetShop.Database.Core.EF", "CompleetShop.Database.Core.EF\CompleetShop.Database.Core.EF.csproj", "{0D3DCE70-3D61-4ED1-829D-C4405081822C}"
EndProject
Project("{FAE04EC0-301F-11D3-BF4B-00C04F79EFBC}") = "CompleetShop.Database", "CompleetShop.Database\CompleetShop.Database.csproj", "{E68552BD-111F-4BE6-9652-4C3959DDD104}"
EndProject
Project("{FAE04EC0-301F-11D3-BF4B-00C04F79EFBC}") = "CompleetShop.Common", "CompleetShop.Common\CompleetShop.Common.csproj", "{934D8065-9B3A-4B4E-8366-FC6F696EB95A}"
EndProject
Project("{FAE04EC0-301F-11D3-BF4B-00C04F79EFBC}") = "CompleetShop.Database.Console", "CompleetShop.Database.Console\CompleetShop.Database.Console.csproj", "{F8D585BE-AEDC-42AE-BBFA-292FD30805AB}"
EndProject
Project("{2150E333-8FDC-42A3-9474-1A3956D46DE8}") = "Extras", "Extras", "{23F58029-32A6-437C-8985-89504AF4C490}"
EndProject
Global
	GlobalSection(SolutionConfigurationPlatforms) = preSolution
		Debug|Any CPU = Debug|Any CPU
		Release|Any CPU = Release|Any CPU
	EndGlobalSection
	GlobalSection(ProjectConfigurationPlatforms) = postSolution
		{129D980E-DBE4-4841-8CE2-29D26F185628}.Debug|Any CPU.ActiveCfg = Debug|Any CPU
		{129D980E-DBE4-4841-8CE2-29D26F185628}.Debug|Any CPU.Build.0 = Debug|Any CPU
		{129D980E-DBE4-4841-8CE2-29D26F185628}.Release|Any CPU.ActiveCfg = Release|Any CPU
		{129D980E-DBE4-4841-8CE2-29D26F185628}.Release|Any CPU.Build.0 = Release|Any CPU
		{0D8AB5C9-BC95-42CF-92A2-56187DC3F798}.Debug|Any CPU.ActiveCfg = Debug|Any CPU
		{0D8AB5C9-BC95-42CF-92A2-56187DC3F798}.Debug|Any CPU.Build.0 = Debug|Any CPU
		{0D8AB5C9-BC95-42CF-92A2-56187DC3F798}.Release|Any CPU.ActiveCfg = Release|Any CPU
		{0D8AB5C9-BC95-42CF-92A2-56187DC3F798}.Release|Any CPU.Build.0 = Release|Any CPU
		{C4466761-0B4D-4BBC-A70E-CBCC77C98C18}.Debug|Any CPU.ActiveCfg = Debug|Any CPU
		{C4466761-0B4D-4BBC-A70E-CBCC77C98C18}.Debug|Any CPU.Build.0 = Debug|Any CPU
		{C4466761-0B4D-4BBC-A70E-CBCC77C98C18}.Release|Any CPU.ActiveCfg = Release|Any CPU
		{C4466761-0B4D-4BBC-A70E-CBCC77C98C18}.Release|Any CPU.Build.0 = Release|Any CPU
		{DFD048D3-B371-4D38-BF6F-ECE305FB7D73}.Debug|Any CPU.ActiveCfg = Debug|Any CPU
		{DFD048D3-B371-4D38-BF6F-ECE305FB7D73}.Debug|Any CPU.Build.0 = Debug|Any CPU
		{DFD048D3-B371-4D38-BF6F-ECE305FB7D73}.Release|Any CPU.ActiveCfg = Release|Any CPU
		{DFD048D3-B371-4D38-BF6F-ECE305FB7D73}.Release|Any CPU.Build.0 = Release|Any CPU
		{4A30F1E9-0A08-4347-9324-CDCF24F79ABA}.Debug|Any CPU.ActiveCfg = Debug|Any CPU
		{4A30F1E9-0A08-4347-9324-CDCF24F79ABA}.Debug|Any CPU.Build.0 = Debug|Any CPU
		{4A30F1E9-0A08-4347-9324-CDCF24F79ABA}.Release|Any CPU.ActiveCfg = Release|Any CPU
		{4A30F1E9-0A08-4347-9324-CDCF24F79ABA}.Release|Any CPU.Build.0 = Release|Any CPU
		{D961A431-F2A9-407E-AC14-9AB8027B1003}.Debug|Any CPU.ActiveCfg = Debug|Any CPU
		{D961A431-F2A9-407E-AC14-9AB8027B1003}.Debug|Any CPU.Build.0 = Debug|Any CPU
		{D961A431-F2A9-407E-AC14-9AB8027B1003}.Release|Any CPU.ActiveCfg = Release|Any CPU
		{D961A431-F2A9-407E-AC14-9AB8027B1003}.Release|Any CPU.Build.0 = Release|Any CPU
		{B81ADCEF-3844-4AB1-BDA2-DDE4E01E3C01}.Debug|Any CPU.ActiveCfg = Debug|Any CPU
		{B81ADCEF-3844-4AB1-BDA2-DDE4E01E3C01}.Debug|Any CPU.Build.0 = Debug|Any CPU
		{B81ADCEF-3844-4AB1-BDA2-DDE4E01E3C01}.Release|Any CPU.ActiveCfg = Release|Any CPU
		{B81ADCEF-3844-4AB1-BDA2-DDE4E01E3C01}.Release|Any CPU.Build.0 = Release|Any CPU
		{0D3DCE70-3D61-4ED1-829D-C4405081822C}.Debug|Any CPU.ActiveCfg = Debug|Any CPU
		{0D3DCE70-3D61-4ED1-829D-C4405081822C}.Debug|Any CPU.Build.0 = Debug|Any CPU
		{0D3DCE70-3D61-4ED1-829D-C4405081822C}.Release|Any CPU.ActiveCfg = Release|Any CPU
		{0D3DCE70-3D61-4ED1-829D-C4405081822C}.Release|Any CPU.Build.0 = Release|Any CPU
		{E68552BD-111F-4BE6-9652-4C3959DDD104}.Debug|Any CPU.ActiveCfg = Debug|Any CPU
		{E68552BD-111F-4BE6-9652-4C3959DDD104}.Debug|Any CPU.Build.0 = Debug|Any CPU
		{E68552BD-111F-4BE6-9652-4C3959DDD104}.Release|Any CPU.ActiveCfg = Release|Any CPU
		{E68552BD-111F-4BE6-9652-4C3959DDD104}.Release|Any CPU.Build.0 = Release|Any CPU
		{934D8065-9B3A-4B4E-8366-FC6F696EB95A}.Debug|Any CPU.ActiveCfg = Debug|Any CPU
		{934D8065-9B3A-4B4E-8366-FC6F696EB95A}.Debug|Any CPU.Build.0 = Debug|Any CPU
		{934D8065-9B3A-4B4E-8366-FC6F696EB95A}.Release|Any CPU.ActiveCfg = Release|Any CPU
		{934D8065-9B3A-4B4E-8366-FC6F696EB95A}.Release|Any CPU.Build.0 = Release|Any CPU
		{F8D585BE-AEDC-42AE-BBFA-292FD30805AB}.Debug|Any CPU.ActiveCfg = Debug|Any CPU
		{F8D585BE-AEDC-42AE-BBFA-292FD30805AB}.Debug|Any CPU.Build.0 = Debug|Any CPU
		{F8D585BE-AEDC-42AE-BBFA-292FD30805AB}.Release|Any CPU.ActiveCfg = Release|Any CPU
		{F8D585BE-AEDC-42AE-BBFA-292FD30805AB}.Release|Any CPU.Build.0 = Release|Any CPU
	EndGlobalSection
	GlobalSection(SolutionProperties) = preSolution
		HideSolutionNode = FALSE
	EndGlobalSection
	GlobalSection(NestedProjects) = preSolution
		{0D8AB5C9-BC95-42CF-92A2-56187DC3F798} = {23F58029-32A6-437C-8985-89504AF4C490}
		{C4466761-0B4D-4BBC-A70E-CBCC77C98C18} = {23F58029-32A6-437C-8985-89504AF4C490}
		{DFD048D3-B371-4D38-BF6F-ECE305FB7D73} = {23F58029-32A6-437C-8985-89504AF4C490}
		{4A30F1E9-0A08-4347-9324-CDCF24F79ABA} = {23F58029-32A6-437C-8985-89504AF4C490}
		{D961A431-F2A9-407E-AC14-9AB8027B1003} = {23F58029-32A6-437C-8985-89504AF4C490}
		{B81ADCEF-3844-4AB1-BDA2-DDE4E01E3C01} = {23F58029-32A6-437C-8985-89504AF4C490}
		{0D3DCE70-3D61-4ED1-829D-C4405081822C} = {23F58029-32A6-437C-8985-89504AF4C490}
		{E68552BD-111F-4BE6-9652-4C3959DDD104} = {23F58029-32A6-437C-8985-89504AF4C490}
		{934D8065-9B3A-4B4E-8366-FC6F696EB95A} = {23F58029-32A6-437C-8985-89504AF4C490}
		{F8D585BE-AEDC-42AE-BBFA-292FD30805AB} = {23F58029-32A6-437C-8985-89504AF4C490}
	EndGlobalSection
	GlobalSection(ExtensibilityGlobals) = postSolution
		SolutionGuid = {3F1DB79F-86F8-4D78-9D24-F64F61F0FB8E}
	EndGlobalSection
EndGlobal
